
Microsoft Visual Studio Solution File, Format Version 12.00
# Visual Studio Version 17
VisualStudioVersion = 17.3.32922.545
MinimumVisualStudioVersion = 10.0.40219.1
Project("{9A19103F-16F7-4668-BE54-9A1E7A4F7556}") = "EntityLayer", "EntityLayer\EntityLayer.csproj", "{7A3E5875-FE7D-4F57-89B1-2FC889829EF2}"
EndProject
Project("{9A19103F-16F7-4668-BE54-9A1E7A4F7556}") = "DataAccessLayer", "DataAccessLayer\DataAccessLayer.csproj", "{82F53F1F-7CCC-4008-9071-5D84ADC3D98A}"
EndProject
Project("{9A19103F-16F7-4668-BE54-9A1E7A4F7556}") = "BusinessLayer", "BusinessLayer\BusinessLayer.csproj", "{81E5DDF1-A89F-4E3D-8729-5E73715959E7}"
EndProject
Project("{9A19103F-16F7-4668-BE54-9A1E7A4F7556}") = "NotesSite", "NotesSite\NotesSite.csproj", "{B06EC594-DE0B-486C-9B59-64EE64006A29}"
EndProject
Project("{FAE04EC0-301F-11D3-BF4B-00C04F79EFBC}") = "NoteList.API", "NoteList.API\NoteList.API.csproj", "{62701210-5EB6-441C-BD29-47D5A0C0DFC9}"
EndProject
Global
	GlobalSection(SolutionConfigurationPlatforms) = preSolution
		Debug|Any CPU = Debug|Any CPU
		Release|Any CPU = Release|Any CPU
	EndGlobalSection
	GlobalSection(ProjectConfigurationPlatforms) = postSolution
		{7A3E5875-FE7D-4F57-89B1-2FC889829EF2}.Debug|Any CPU.ActiveCfg = Debug|Any CPU
		{7A3E5875-FE7D-4F57-89B1-2FC889829EF2}.Debug|Any CPU.Build.0 = Debug|Any CPU
		{7A3E5875-FE7D-4F57-89B1-2FC889829EF2}.Release|Any CPU.ActiveCfg = Release|Any CPU
		{7A3E5875-FE7D-4F57-89B1-2FC889829EF2}.Release|Any CPU.Build.0 = Release|Any CPU
		{82F53F1F-7CCC-4008-9071-5D84ADC3D98A}.Debug|Any CPU.ActiveCfg = Debug|Any CPU
		{82F53F1F-7CCC-4008-9071-5D84ADC3D98A}.Debug|Any CPU.Build.0 = Debug|Any CPU
		{82F53F1F-7CCC-4008-9071-5D84ADC3D98A}.Release|Any CPU.ActiveCfg = Release|Any CPU
		{82F53F1F-7CCC-4008-9071-5D84ADC3D98A}.Release|Any CPU.Build.0 = Release|Any CPU
		{81E5DDF1-A89F-4E3D-8729-5E73715959E7}.Debug|Any CPU.ActiveCfg = Debug|Any CPU
		{81E5DDF1-A89F-4E3D-8729-5E73715959E7}.Debug|Any CPU.Build.0 = Debug|Any CPU
		{81E5DDF1-A89F-4E3D-8729-5E73715959E7}.Release|Any CPU.ActiveCfg = Release|Any CPU
		{81E5DDF1-A89F-4E3D-8729-5E73715959E7}.Release|Any CPU.Build.0 = Release|Any CPU
		{B06EC594-DE0B-486C-9B59-64EE64006A29}.Debug|Any CPU.ActiveCfg = Debug|Any CPU
		{B06EC594-DE0B-486C-9B59-64EE64006A29}.Debug|Any CPU.Build.0 = Debug|Any CPU
		{B06EC594-DE0B-486C-9B59-64EE64006A29}.Release|Any CPU.ActiveCfg = Release|Any CPU
		{B06EC594-DE0B-486C-9B59-64EE64006A29}.Release|Any CPU.Build.0 = Release|Any CPU
		{62701210-5EB6-441C-BD29-47D5A0C0DFC9}.Debug|Any CPU.ActiveCfg = Debug|Any CPU
		{62701210-5EB6-441C-BD29-47D5A0C0DFC9}.Debug|Any CPU.Build.0 = Debug|Any CPU
		{62701210-5EB6-441C-BD29-47D5A0C0DFC9}.Release|Any CPU.ActiveCfg = Release|Any CPU
		{62701210-5EB6-441C-BD29-47D5A0C0DFC9}.Release|Any CPU.Build.0 = Release|Any CPU
	EndGlobalSection
	GlobalSection(SolutionProperties) = preSolution
		HideSolutionNode = FALSE
	EndGlobalSection
	GlobalSection(ExtensibilityGlobals) = postSolution
		SolutionGuid = {E815FC35-3FAA-45FF-8819-2DD48F10FB96}
	EndGlobalSection
EndGlobal
